
Microsoft Visual Studio Solution File, Format Version 12.00
# Visual Studio 15
Project("{FAE04EC0-301F-11D3-BF4B-00C04F79EFBC}") = "Oculus.Platform", "Oculus.Platform.csproj", "{60396B33-CF33-E497-3BB8-203B02C2E228}"
EndProject
Project("{FAE04EC0-301F-11D3-BF4B-00C04F79EFBC}") = "Assembly-CSharp", "Assembly-CSharp.csproj", "{25731854-B095-8372-5FC1-AC25E61CCB26}"
EndProject
Project("{FAE04EC0-301F-11D3-BF4B-00C04F79EFBC}") = "Meta.WitAi", "Meta.WitAi.csproj", "{6B66D0C6-B9B3-FDA4-CCAC-121C2D25E7C4}"
EndProject
Project("{FAE04EC0-301F-11D3-BF4B-00C04F79EFBC}") = "Oculus.Spatializer", "Oculus.Spatializer.csproj", "{CBD3B3B6-5032-C434-CAB9-CD3FAD53270C}"
EndProject
Project("{FAE04EC0-301F-11D3-BF4B-00C04F79EFBC}") = "Oculus.Interaction", "Oculus.Interaction.csproj", "{D6A58696-4576-D54E-DD66-591B9F75CDEC}"
EndProject
Project("{FAE04EC0-301F-11D3-BF4B-00C04F79EFBC}") = "Oculus.Interaction.OVR.Samples", "Oculus.Interaction.OVR.Samples.csproj", "{F5F4321B-429F-10B5-DBD8-BDA32F446026}"
EndProject
Project("{FAE04EC0-301F-11D3-BF4B-00C04F79EFBC}") = "Oculus.VR", "Oculus.VR.csproj", "{82D4EC7B-8CF6-F422-CA55-4B7760456F06}"
EndProject
Project("{FAE04EC0-301F-11D3-BF4B-00C04F79EFBC}") = "VoiceSDK.Dictation.Runtime", "VoiceSDK.Dictation.Runtime.csproj", "{422A3851-A27A-CB94-7BB6-C52124B953C0}"
EndProject
Project("{FAE04EC0-301F-11D3-BF4B-00C04F79EFBC}") = "Meta.WitAi.TTS", "Meta.WitAi.TTS.csproj", "{14167871-39F4-EAB3-B74F-4C221A0B6A50}"
EndProject
Project("{FAE04EC0-301F-11D3-BF4B-00C04F79EFBC}") = "Meta.WitAi.Lib", "Meta.WitAi.Lib.csproj", "{69E9616D-1686-90D5-2F6A-4C4ADC91A8CD}"
EndProject
Project("{FAE04EC0-301F-11D3-BF4B-00C04F79EFBC}") = "Oculus.AudioManager", "Oculus.AudioManager.csproj", "{4CB8A039-D511-8529-3C06-3574306F815D}"
EndProject
Project("{FAE04EC0-301F-11D3-BF4B-00C04F79EFBC}") = "VoiceSDK.Runtime", "VoiceSDK.Runtime.csproj", "{7366CE4E-71A5-57D4-2DEC-82169D5EC137}"
EndProject
Project("{FAE04EC0-301F-11D3-BF4B-00C04F79EFBC}") = "Facebook.Wit.Dictation", "Facebook.Wit.Dictation.csproj", "{0D7CA500-8F75-92E3-82EA-AF70390A60F4}"
EndProject
Project("{FAE04EC0-301F-11D3-BF4B-00C04F79EFBC}") = "Meta.WitAi.TTS.Samples", "Meta.WitAi.TTS.Samples.csproj", "{E5898AF0-84AB-35A2-7F8C-847A15AE898C}"
EndProject
Project("{FAE04EC0-301F-11D3-BF4B-00C04F79EFBC}") = "Oculus.Voice.Demo", "Oculus.Voice.Demo.csproj", "{FE4223E7-275D-3CD0-F39D-B7DDABBF8CC6}"
EndProject
Project("{FAE04EC0-301F-11D3-BF4B-00C04F79EFBC}") = "Oculus.Interaction.OVR", "Oculus.Interaction.OVR.csproj", "{0A71ABA3-7580-1D7C-6725-E8944A4A1A74}"
EndProject
Project("{FAE04EC0-301F-11D3-BF4B-00C04F79EFBC}") = "AssistantCoreSDKRuntime", "AssistantCoreSDKRuntime.csproj", "{37469710-F35D-0317-981C-63D56E34F0C9}"
EndProject
Project("{FAE04EC0-301F-11D3-BF4B-00C04F79EFBC}") = "Meta.WitAi.Conduit", "Meta.WitAi.Conduit.csproj", "{9C51EA53-6973-A1F5-3E55-B34E205F4B9F}"
EndProject
Project("{FAE04EC0-301F-11D3-BF4B-00C04F79EFBC}") = "Oculus.LipSync", "Oculus.LipSync.csproj", "{8C994DCF-5D7D-99F4-C8ED-8051C7D94026}"
EndProject
Project("{FAE04EC0-301F-11D3-BF4B-00C04F79EFBC}") = "Meta.VoiceSDK.Mic.Other", "Meta.VoiceSDK.Mic.Other.csproj", "{D7472AD5-E5EC-17DB-FA62-2415C7966474}"
EndProject
Project("{FAE04EC0-301F-11D3-BF4B-00C04F79EFBC}") = "Meta.VoiceSDK.Mic.Common", "Meta.VoiceSDK.Mic.Common.csproj", "{0D2170F0-F5E7-0163-3B30-BA3B0C24BE00}"
EndProject
Project("{FAE04EC0-301F-11D3-BF4B-00C04F79EFBC}") = "Meta.VoiceSDK.Mic.WebGL", "Meta.VoiceSDK.Mic.WebGL.csproj", "{744FFD7A-7DC7-1AEB-D2D6-A0F663FA8F1F}"
EndProject
Project("{FAE04EC0-301F-11D3-BF4B-00C04F79EFBC}") = "Meta.WitAi.Editor", "Meta.WitAi.Editor.csproj", "{AAB76C71-7F74-84FD-61EE-6BB45471CC94}"
EndProject
Project("{FAE04EC0-301F-11D3-BF4B-00C04F79EFBC}") = "Meta.WitAi.Conduit.Editor", "Meta.WitAi.Conduit.Editor.csproj", "{7B5F864F-3462-423A-6EAF-CE7141ECAD19}"
EndProject
Project("{FAE04EC0-301F-11D3-BF4B-00C04F79EFBC}") = "Oculus.Interaction.Editor", "Oculus.Interaction.Editor.csproj", "{2A64C387-B151-C767-BEA4-63AAB84BEEE0}"
EndProject
Project("{FAE04EC0-301F-11D3-BF4B-00C04F79EFBC}") = "Meta.WitAI.Lib.Editor", "Meta.WitAI.Lib.Editor.csproj", "{0C69B7BE-27CB-0A2B-9315-F3FA1059E79F}"
EndProject
Project("{FAE04EC0-301F-11D3-BF4B-00C04F79EFBC}") = "Oculus.VR.Editor", "Oculus.VR.Editor.csproj", "{397EDE63-9680-B65F-8F62-03C5281D5128}"
EndProject
Project("{FAE04EC0-301F-11D3-BF4B-00C04F79EFBC}") = "Oculus.Interaction.OVR.Editor", "Oculus.Interaction.OVR.Editor.csproj", "{3D0DB553-F845-DAC3-FCD7-59F282E40CE8}"
EndProject
Project("{FAE04EC0-301F-11D3-BF4B-00C04F79EFBC}") = "Assembly-CSharp-Editor", "Assembly-CSharp-Editor.csproj", "{CEDB3D6B-F67B-5F0F-E306-C1B5D244EBAE}"
EndProject
Project("{FAE04EC0-301F-11D3-BF4B-00C04F79EFBC}") = "Oculus.Interaction.Samples.Editor", "Oculus.Interaction.Samples.Editor.csproj", "{EF26B645-9F3C-478C-0FAD-7A080570D174}"
EndProject
Project("{FAE04EC0-301F-11D3-BF4B-00C04F79EFBC}") = "Oculus.VR.Scripts.Editor", "Oculus.VR.Scripts.Editor.csproj", "{89B9E938-11F4-35D2-8B4F-AB15AE05439C}"
EndProject
Project("{FAE04EC0-301F-11D3-BF4B-00C04F79EFBC}") = "VoiceSDK.Editor", "VoiceSDK.Editor.csproj", "{3EEB6025-2EE6-F3AD-4166-2D4FA4F44750}"
EndProject
Project("{FAE04EC0-301F-11D3-BF4B-00C04F79EFBC}") = "Oculus.Spatializer.Editor", "Oculus.Spatializer.Editor.csproj", "{28476E58-EC14-32FE-A035-9D9EBC6A70CC}"
EndProject
Project("{FAE04EC0-301F-11D3-BF4B-00C04F79EFBC}") = "Meta.WitAi.TTS.Editor", "Meta.WitAi.TTS.Editor.csproj", "{3130D27D-B9C0-0EDE-A5BD-A8E91EDFD381}"
EndProject
Project("{FAE04EC0-301F-11D3-BF4B-00C04F79EFBC}") = "Facebook.Wit.Dictation.Editor", "Facebook.Wit.Dictation.Editor.csproj", "{00DC9304-808D-E607-80E6-AE221AC82EA5}"
EndProject
Project("{FAE04EC0-301F-11D3-BF4B-00C04F79EFBC}") = "VoiceSDK.Dictation.Editor", "VoiceSDK.Dictation.Editor.csproj", "{48AFD188-518E-9332-4DA7-D4A28985F6BD}"
EndProject
Project("{FAE04EC0-301F-11D3-BF4B-00C04F79EFBC}") = "Oculus.Platform.Editor", "Oculus.Platform.Editor.csproj", "{DDA0EDDB-D14F-C93B-D00B-D033D8F3CAC2}"
EndProject
Project("{FAE04EC0-301F-11D3-BF4B-00C04F79EFBC}") = "Oculus.AudioManager.Audio.Editor", "Oculus.AudioManager.Audio.Editor.csproj", "{AAF8940C-198C-5758-9E12-3941CEBE4163}"
EndProject
Project("{FAE04EC0-301F-11D3-BF4B-00C04F79EFBC}") = "Oculus.Interaction.InterfaceSupport", "Oculus.Interaction.InterfaceSupport.csproj", "{7D699867-F8A5-631F-41D5-A8BA7369DDEE}"
EndProject
Project("{FAE04EC0-301F-11D3-BF4B-00C04F79EFBC}") = "Oculus.LipSync.Editor", "Oculus.LipSync.Editor.csproj", "{000F18B9-B410-2561-1806-33C23DA9A55C}"
EndProject
Project("{FAE04EC0-301F-11D3-BF4B-00C04F79EFBC}") = "AssistantCoreSDKEditor", "AssistantCoreSDKEditor.csproj", "{53E9DB58-6522-B497-8ADE-3585B3D40216}"
EndProject
Project("{FAE04EC0-301F-11D3-BF4B-00C04F79EFBC}") = "Oculus.AudioManager.Utils.Editor", "Oculus.AudioManager.Utils.Editor.csproj", "{8B2E2E10-BCF2-40EC-F3D2-1A31C8A468A9}"
EndProject
Global
	GlobalSection(SolutionConfigurationPlatforms) = preSolution
		Debug|Any CPU = Debug|Any CPU
		Release|Any CPU = Release|Any CPU
	EndGlobalSection
	GlobalSection(ProjectConfigurationPlatforms) = postSolution
		{60396B33-CF33-E497-3BB8-203B02C2E228}.Debug|Any CPU.ActiveCfg = Debug|Any CPU
		{60396B33-CF33-E497-3BB8-203B02C2E228}.Debug|Any CPU.Build.0 = Debug|Any CPU
		{60396B33-CF33-E497-3BB8-203B02C2E228}.Release|Any CPU.ActiveCfg = Release|Any CPU
		{60396B33-CF33-E497-3BB8-203B02C2E228}.Release|Any CPU.Build.0 = Release|Any CPU
		{25731854-B095-8372-5FC1-AC25E61CCB26}.Debug|Any CPU.ActiveCfg = Debug|Any CPU
		{25731854-B095-8372-5FC1-AC25E61CCB26}.Debug|Any CPU.Build.0 = Debug|Any CPU
		{25731854-B095-8372-5FC1-AC25E61CCB26}.Release|Any CPU.ActiveCfg = Release|Any CPU
		{25731854-B095-8372-5FC1-AC25E61CCB26}.Release|Any CPU.Build.0 = Release|Any CPU
		{6B66D0C6-B9B3-FDA4-CCAC-121C2D25E7C4}.Debug|Any CPU.ActiveCfg = Debug|Any CPU
		{6B66D0C6-B9B3-FDA4-CCAC-121C2D25E7C4}.Debug|Any CPU.Build.0 = Debug|Any CPU
		{6B66D0C6-B9B3-FDA4-CCAC-121C2D25E7C4}.Release|Any CPU.ActiveCfg = Release|Any CPU
		{6B66D0C6-B9B3-FDA4-CCAC-121C2D25E7C4}.Release|Any CPU.Build.0 = Release|Any CPU
		{CBD3B3B6-5032-C434-CAB9-CD3FAD53270C}.Debug|Any CPU.ActiveCfg = Debug|Any CPU
		{CBD3B3B6-5032-C434-CAB9-CD3FAD53270C}.Debug|Any CPU.Build.0 = Debug|Any CPU
		{CBD3B3B6-5032-C434-CAB9-CD3FAD53270C}.Release|Any CPU.ActiveCfg = Release|Any CPU
		{CBD3B3B6-5032-C434-CAB9-CD3FAD53270C}.Release|Any CPU.Build.0 = Release|Any CPU
		{D6A58696-4576-D54E-DD66-591B9F75CDEC}.Debug|Any CPU.ActiveCfg = Debug|Any CPU
		{D6A58696-4576-D54E-DD66-591B9F75CDEC}.Debug|Any CPU.Build.0 = Debug|Any CPU
		{D6A58696-4576-D54E-DD66-591B9F75CDEC}.Release|Any CPU.ActiveCfg = Release|Any CPU
		{D6A58696-4576-D54E-DD66-591B9F75CDEC}.Release|Any CPU.Build.0 = Release|Any CPU
		{F5F4321B-429F-10B5-DBD8-BDA32F446026}.Debug|Any CPU.ActiveCfg = Debug|Any CPU
		{F5F4321B-429F-10B5-DBD8-BDA32F446026}.Debug|Any CPU.Build.0 = Debug|Any CPU
		{F5F4321B-429F-10B5-DBD8-BDA32F446026}.Release|Any CPU.ActiveCfg = Release|Any CPU
		{F5F4321B-429F-10B5-DBD8-BDA32F446026}.Release|Any CPU.Build.0 = Release|Any CPU
		{82D4EC7B-8CF6-F422-CA55-4B7760456F06}.Debug|Any CPU.ActiveCfg = Debug|Any CPU
		{82D4EC7B-8CF6-F422-CA55-4B7760456F06}.Debug|Any CPU.Build.0 = Debug|Any CPU
		{82D4EC7B-8CF6-F422-CA55-4B7760456F06}.Release|Any CPU.ActiveCfg = Release|Any CPU
		{82D4EC7B-8CF6-F422-CA55-4B7760456F06}.Release|Any CPU.Build.0 = Release|Any CPU
		{422A3851-A27A-CB94-7BB6-C52124B953C0}.Debug|Any CPU.ActiveCfg = Debug|Any CPU
		{422A3851-A27A-CB94-7BB6-C52124B953C0}.Debug|Any CPU.Build.0 = Debug|Any CPU
		{422A3851-A27A-CB94-7BB6-C52124B953C0}.Release|Any CPU.ActiveCfg = Release|Any CPU
		{422A3851-A27A-CB94-7BB6-C52124B953C0}.Release|Any CPU.Build.0 = Release|Any CPU
		{14167871-39F4-EAB3-B74F-4C221A0B6A50}.Debug|Any CPU.ActiveCfg = Debug|Any CPU
		{14167871-39F4-EAB3-B74F-4C221A0B6A50}.Debug|Any CPU.Build.0 = Debug|Any CPU
		{14167871-39F4-EAB3-B74F-4C221A0B6A50}.Release|Any CPU.ActiveCfg = Release|Any CPU
		{14167871-39F4-EAB3-B74F-4C221A0B6A50}.Release|Any CPU.Build.0 = Release|Any CPU
		{69E9616D-1686-90D5-2F6A-4C4ADC91A8CD}.Debug|Any CPU.ActiveCfg = Debug|Any CPU
		{69E9616D-1686-90D5-2F6A-4C4ADC91A8CD}.Debug|Any CPU.Build.0 = Debug|Any CPU
		{69E9616D-1686-90D5-2F6A-4C4ADC91A8CD}.Release|Any CPU.ActiveCfg = Release|Any CPU
		{69E9616D-1686-90D5-2F6A-4C4ADC91A8CD}.Release|Any CPU.Build.0 = Release|Any CPU
		{4CB8A039-D511-8529-3C06-3574306F815D}.Debug|Any CPU.ActiveCfg = Debug|Any CPU
		{4CB8A039-D511-8529-3C06-3574306F815D}.Debug|Any CPU.Build.0 = Debug|Any CPU
		{4CB8A039-D511-8529-3C06-3574306F815D}.Release|Any CPU.ActiveCfg = Release|Any CPU
		{4CB8A039-D511-8529-3C06-3574306F815D}.Release|Any CPU.Build.0 = Release|Any CPU
		{7366CE4E-71A5-57D4-2DEC-82169D5EC137}.Debug|Any CPU.ActiveCfg = Debug|Any CPU
		{7366CE4E-71A5-57D4-2DEC-82169D5EC137}.Debug|Any CPU.Build.0 = Debug|Any CPU
		{7366CE4E-71A5-57D4-2DEC-82169D5EC137}.Release|Any CPU.ActiveCfg = Release|Any CPU
		{7366CE4E-71A5-57D4-2DEC-82169D5EC137}.Release|Any CPU.Build.0 = Release|Any CPU
		{0D7CA500-8F75-92E3-82EA-AF70390A60F4}.Debug|Any CPU.ActiveCfg = Debug|Any CPU
		{0D7CA500-8F75-92E3-82EA-AF70390A60F4}.Debug|Any CPU.Build.0 = Debug|Any CPU
		{0D7CA500-8F75-92E3-82EA-AF70390A60F4}.Release|Any CPU.ActiveCfg = Release|Any CPU
		{0D7CA500-8F75-92E3-82EA-AF70390A60F4}.Release|Any CPU.Build.0 = Release|Any CPU
		{E5898AF0-84AB-35A2-7F8C-847A15AE898C}.Debug|Any CPU.ActiveCfg = Debug|Any CPU
		{E5898AF0-84AB-35A2-7F8C-847A15AE898C}.Debug|Any CPU.Build.0 = Debug|Any CPU
		{E5898AF0-84AB-35A2-7F8C-847A15AE898C}.Release|Any CPU.ActiveCfg = Release|Any CPU
		{E5898AF0-84AB-35A2-7F8C-847A15AE898C}.Release|Any CPU.Build.0 = Release|Any CPU
		{FE4223E7-275D-3CD0-F39D-B7DDABBF8CC6}.Debug|Any CPU.ActiveCfg = Debug|Any CPU
		{FE4223E7-275D-3CD0-F39D-B7DDABBF8CC6}.Debug|Any CPU.Build.0 = Debug|Any CPU
		{FE4223E7-275D-3CD0-F39D-B7DDABBF8CC6}.Release|Any CPU.ActiveCfg = Release|Any CPU
		{FE4223E7-275D-3CD0-F39D-B7DDABBF8CC6}.Release|Any CPU.Build.0 = Release|Any CPU
		{0A71ABA3-7580-1D7C-6725-E8944A4A1A74}.Debug|Any CPU.ActiveCfg = Debug|Any CPU
		{0A71ABA3-7580-1D7C-6725-E8944A4A1A74}.Debug|Any CPU.Build.0 = Debug|Any CPU
		{0A71ABA3-7580-1D7C-6725-E8944A4A1A74}.Release|Any CPU.ActiveCfg = Release|Any CPU
		{0A71ABA3-7580-1D7C-6725-E8944A4A1A74}.Release|Any CPU.Build.0 = Release|Any CPU
		{37469710-F35D-0317-981C-63D56E34F0C9}.Debug|Any CPU.ActiveCfg = Debug|Any CPU
		{37469710-F35D-0317-981C-63D56E34F0C9}.Debug|Any CPU.Build.0 = Debug|Any CPU
		{37469710-F35D-0317-981C-63D56E34F0C9}.Release|Any CPU.ActiveCfg = Release|Any CPU
		{37469710-F35D-0317-981C-63D56E34F0C9}.Release|Any CPU.Build.0 = Release|Any CPU
		{9C51EA53-6973-A1F5-3E55-B34E205F4B9F}.Debug|Any CPU.ActiveCfg = Debug|Any CPU
		{9C51EA53-6973-A1F5-3E55-B34E205F4B9F}.Debug|Any CPU.Build.0 = Debug|Any CPU
		{9C51EA53-6973-A1F5-3E55-B34E205F4B9F}.Release|Any CPU.ActiveCfg = Release|Any CPU
		{9C51EA53-6973-A1F5-3E55-B34E205F4B9F}.Release|Any CPU.Build.0 = Release|Any CPU
		{8C994DCF-5D7D-99F4-C8ED-8051C7D94026}.Debug|Any CPU.ActiveCfg = Debug|Any CPU
		{8C994DCF-5D7D-99F4-C8ED-8051C7D94026}.Debug|Any CPU.Build.0 = Debug|Any CPU
		{8C994DCF-5D7D-99F4-C8ED-8051C7D94026}.Release|Any CPU.ActiveCfg = Release|Any CPU
		{8C994DCF-5D7D-99F4-C8ED-8051C7D94026}.Release|Any CPU.Build.0 = Release|Any CPU
		{D7472AD5-E5EC-17DB-FA62-2415C7966474}.Debug|Any CPU.ActiveCfg = Debug|Any CPU
		{D7472AD5-E5EC-17DB-FA62-2415C7966474}.Debug|Any CPU.Build.0 = Debug|Any CPU
		{D7472AD5-E5EC-17DB-FA62-2415C7966474}.Release|Any CPU.ActiveCfg = Release|Any CPU
		{D7472AD5-E5EC-17DB-FA62-2415C7966474}.Release|Any CPU.Build.0 = Release|Any CPU
		{0D2170F0-F5E7-0163-3B30-BA3B0C24BE00}.Debug|Any CPU.ActiveCfg = Debug|Any CPU
		{0D2170F0-F5E7-0163-3B30-BA3B0C24BE00}.Debug|Any CPU.Build.0 = Debug|Any CPU
		{0D2170F0-F5E7-0163-3B30-BA3B0C24BE00}.Release|Any CPU.ActiveCfg = Release|Any CPU
		{0D2170F0-F5E7-0163-3B30-BA3B0C24BE00}.Release|Any CPU.Build.0 = Release|Any CPU
		{744FFD7A-7DC7-1AEB-D2D6-A0F663FA8F1F}.Debug|Any CPU.ActiveCfg = Debug|Any CPU
		{744FFD7A-7DC7-1AEB-D2D6-A0F663FA8F1F}.Debug|Any CPU.Build.0 = Debug|Any CPU
		{744FFD7A-7DC7-1AEB-D2D6-A0F663FA8F1F}.Release|Any CPU.ActiveCfg = Release|Any CPU
		{744FFD7A-7DC7-1AEB-D2D6-A0F663FA8F1F}.Release|Any CPU.Build.0 = Release|Any CPU
		{AAB76C71-7F74-84FD-61EE-6BB45471CC94}.Debug|Any CPU.ActiveCfg = Debug|Any CPU
		{AAB76C71-7F74-84FD-61EE-6BB45471CC94}.Debug|Any CPU.Build.0 = Debug|Any CPU
		{AAB76C71-7F74-84FD-61EE-6BB45471CC94}.Release|Any CPU.ActiveCfg = Release|Any CPU
		{AAB76C71-7F74-84FD-61EE-6BB45471CC94}.Release|Any CPU.Build.0 = Release|Any CPU
		{7B5F864F-3462-423A-6EAF-CE7141ECAD19}.Debug|Any CPU.ActiveCfg = Debug|Any CPU
		{7B5F864F-3462-423A-6EAF-CE7141ECAD19}.Debug|Any CPU.Build.0 = Debug|Any CPU
		{7B5F864F-3462-423A-6EAF-CE7141ECAD19}.Release|Any CPU.ActiveCfg = Release|Any CPU
		{7B5F864F-3462-423A-6EAF-CE7141ECAD19}.Release|Any CPU.Build.0 = Release|Any CPU
		{2A64C387-B151-C767-BEA4-63AAB84BEEE0}.Debug|Any CPU.ActiveCfg = Debug|Any CPU
		{2A64C387-B151-C767-BEA4-63AAB84BEEE0}.Debug|Any CPU.Build.0 = Debug|Any CPU
		{2A64C387-B151-C767-BEA4-63AAB84BEEE0}.Release|Any CPU.ActiveCfg = Release|Any CPU
		{2A64C387-B151-C767-BEA4-63AAB84BEEE0}.Release|Any CPU.Build.0 = Release|Any CPU
		{0C69B7BE-27CB-0A2B-9315-F3FA1059E79F}.Debug|Any CPU.ActiveCfg = Debug|Any CPU
		{0C69B7BE-27CB-0A2B-9315-F3FA1059E79F}.Debug|Any CPU.Build.0 = Debug|Any CPU
		{0C69B7BE-27CB-0A2B-9315-F3FA1059E79F}.Release|Any CPU.ActiveCfg = Release|Any CPU
		{0C69B7BE-27CB-0A2B-9315-F3FA1059E79F}.Release|Any CPU.Build.0 = Release|Any CPU
		{397EDE63-9680-B65F-8F62-03C5281D5128}.Debug|Any CPU.ActiveCfg = Debug|Any CPU
		{397EDE63-9680-B65F-8F62-03C5281D5128}.Debug|Any CPU.Build.0 = Debug|Any CPU
		{397EDE63-9680-B65F-8F62-03C5281D5128}.Release|Any CPU.ActiveCfg = Release|Any CPU
		{397EDE63-9680-B65F-8F62-03C5281D5128}.Release|Any CPU.Build.0 = Release|Any CPU
		{3D0DB553-F845-DAC3-FCD7-59F282E40CE8}.Debug|Any CPU.ActiveCfg = Debug|Any CPU
		{3D0DB553-F845-DAC3-FCD7-59F282E40CE8}.Debug|Any CPU.Build.0 = Debug|Any CPU
		{3D0DB553-F845-DAC3-FCD7-59F282E40CE8}.Release|Any CPU.ActiveCfg = Release|Any CPU
		{3D0DB553-F845-DAC3-FCD7-59F282E40CE8}.Release|Any CPU.Build.0 = Release|Any CPU
		{CEDB3D6B-F67B-5F0F-E306-C1B5D244EBAE}.Debug|Any CPU.ActiveCfg = Debug|Any CPU
		{CEDB3D6B-F67B-5F0F-E306-C1B5D244EBAE}.Debug|Any CPU.Build.0 = Debug|Any CPU
		{CEDB3D6B-F67B-5F0F-E306-C1B5D244EBAE}.Release|Any CPU.ActiveCfg = Release|Any CPU
		{CEDB3D6B-F67B-5F0F-E306-C1B5D244EBAE}.Release|Any CPU.Build.0 = Release|Any CPU
		{EF26B645-9F3C-478C-0FAD-7A080570D174}.Debug|Any CPU.ActiveCfg = Debug|Any CPU
		{EF26B645-9F3C-478C-0FAD-7A080570D174}.Debug|Any CPU.Build.0 = Debug|Any CPU
		{EF26B645-9F3C-478C-0FAD-7A080570D174}.Release|Any CPU.ActiveCfg = Release|Any CPU
		{EF26B645-9F3C-478C-0FAD-7A080570D174}.Release|Any CPU.Build.0 = Release|Any CPU
		{89B9E938-11F4-35D2-8B4F-AB15AE05439C}.Debug|Any CPU.ActiveCfg = Debug|Any CPU
		{89B9E938-11F4-35D2-8B4F-AB15AE05439C}.Debug|Any CPU.Build.0 = Debug|Any CPU
		{89B9E938-11F4-35D2-8B4F-AB15AE05439C}.Release|Any CPU.ActiveCfg = Release|Any CPU
		{89B9E938-11F4-35D2-8B4F-AB15AE05439C}.Release|Any CPU.Build.0 = Release|Any CPU
		{3EEB6025-2EE6-F3AD-4166-2D4FA4F44750}.Debug|Any CPU.ActiveCfg = Debug|Any CPU
		{3EEB6025-2EE6-F3AD-4166-2D4FA4F44750}.Debug|Any CPU.Build.0 = Debug|Any CPU
		{3EEB6025-2EE6-F3AD-4166-2D4FA4F44750}.Release|Any CPU.ActiveCfg = Release|Any CPU
		{3EEB6025-2EE6-F3AD-4166-2D4FA4F44750}.Release|Any CPU.Build.0 = Release|Any CPU
		{28476E58-EC14-32FE-A035-9D9EBC6A70CC}.Debug|Any CPU.ActiveCfg = Debug|Any CPU
		{28476E58-EC14-32FE-A035-9D9EBC6A70CC}.Debug|Any CPU.Build.0 = Debug|Any CPU
		{28476E58-EC14-32FE-A035-9D9EBC6A70CC}.Release|Any CPU.ActiveCfg = Release|Any CPU
		{28476E58-EC14-32FE-A035-9D9EBC6A70CC}.Release|Any CPU.Build.0 = Release|Any CPU
		{3130D27D-B9C0-0EDE-A5BD-A8E91EDFD381}.Debug|Any CPU.ActiveCfg = Debug|Any CPU
		{3130D27D-B9C0-0EDE-A5BD-A8E91EDFD381}.Debug|Any CPU.Build.0 = Debug|Any CPU
		{3130D27D-B9C0-0EDE-A5BD-A8E91EDFD381}.Release|Any CPU.ActiveCfg = Release|Any CPU
		{3130D27D-B9C0-0EDE-A5BD-A8E91EDFD381}.Release|Any CPU.Build.0 = Release|Any CPU
		{00DC9304-808D-E607-80E6-AE221AC82EA5}.Debug|Any CPU.ActiveCfg = Debug|Any CPU
		{00DC9304-808D-E607-80E6-AE221AC82EA5}.Debug|Any CPU.Build.0 = Debug|Any CPU
		{00DC9304-808D-E607-80E6-AE221AC82EA5}.Release|Any CPU.ActiveCfg = Release|Any CPU
		{00DC9304-808D-E607-80E6-AE221AC82EA5}.Release|Any CPU.Build.0 = Release|Any CPU
		{48AFD188-518E-9332-4DA7-D4A28985F6BD}.Debug|Any CPU.ActiveCfg = Debug|Any CPU
		{48AFD188-518E-9332-4DA7-D4A28985F6BD}.Debug|Any CPU.Build.0 = Debug|Any CPU
		{48AFD188-518E-9332-4DA7-D4A28985F6BD}.Release|Any CPU.ActiveCfg = Release|Any CPU
		{48AFD188-518E-9332-4DA7-D4A28985F6BD}.Release|Any CPU.Build.0 = Release|Any CPU
		{DDA0EDDB-D14F-C93B-D00B-D033D8F3CAC2}.Debug|Any CPU.ActiveCfg = Debug|Any CPU
		{DDA0EDDB-D14F-C93B-D00B-D033D8F3CAC2}.Debug|Any CPU.Build.0 = Debug|Any CPU
		{DDA0EDDB-D14F-C93B-D00B-D033D8F3CAC2}.Release|Any CPU.ActiveCfg = Release|Any CPU
		{DDA0EDDB-D14F-C93B-D00B-D033D8F3CAC2}.Release|Any CPU.Build.0 = Release|Any CPU
		{AAF8940C-198C-5758-9E12-3941CEBE4163}.Debug|Any CPU.ActiveCfg = Debug|Any CPU
		{AAF8940C-198C-5758-9E12-3941CEBE4163}.Debug|Any CPU.Build.0 = Debug|Any CPU
		{AAF8940C-198C-5758-9E12-3941CEBE4163}.Release|Any CPU.ActiveCfg = Release|Any CPU
		{AAF8940C-198C-5758-9E12-3941CEBE4163}.Release|Any CPU.Build.0 = Release|Any CPU
		{7D699867-F8A5-631F-41D5-A8BA7369DDEE}.Debug|Any CPU.ActiveCfg = Debug|Any CPU
		{7D699867-F8A5-631F-41D5-A8BA7369DDEE}.Debug|Any CPU.Build.0 = Debug|Any CPU
		{7D699867-F8A5-631F-41D5-A8BA7369DDEE}.Release|Any CPU.ActiveCfg = Release|Any CPU
		{7D699867-F8A5-631F-41D5-A8BA7369DDEE}.Release|Any CPU.Build.0 = Release|Any CPU
		{000F18B9-B410-2561-1806-33C23DA9A55C}.Debug|Any CPU.ActiveCfg = Debug|Any CPU
		{000F18B9-B410-2561-1806-33C23DA9A55C}.Debug|Any CPU.Build.0 = Debug|Any CPU
		{000F18B9-B410-2561-1806-33C23DA9A55C}.Release|Any CPU.ActiveCfg = Release|Any CPU
		{000F18B9-B410-2561-1806-33C23DA9A55C}.Release|Any CPU.Build.0 = Release|Any CPU
		{53E9DB58-6522-B497-8ADE-3585B3D40216}.Debug|Any CPU.ActiveCfg = Debug|Any CPU
		{53E9DB58-6522-B497-8ADE-3585B3D40216}.Debug|Any CPU.Build.0 = Debug|Any CPU
		{53E9DB58-6522-B497-8ADE-3585B3D40216}.Release|Any CPU.ActiveCfg = Release|Any CPU
		{53E9DB58-6522-B497-8ADE-3585B3D40216}.Release|Any CPU.Build.0 = Release|Any CPU
		{8B2E2E10-BCF2-40EC-F3D2-1A31C8A468A9}.Debug|Any CPU.ActiveCfg = Debug|Any CPU
		{8B2E2E10-BCF2-40EC-F3D2-1A31C8A468A9}.Debug|Any CPU.Build.0 = Debug|Any CPU
		{8B2E2E10-BCF2-40EC-F3D2-1A31C8A468A9}.Release|Any CPU.ActiveCfg = Release|Any CPU
		{8B2E2E10-BCF2-40EC-F3D2-1A31C8A468A9}.Release|Any CPU.Build.0 = Release|Any CPU
	EndGlobalSection
	GlobalSection(SolutionProperties) = preSolution
		HideSolutionNode = FALSE
	EndGlobalSection
EndGlobal
